
Microsoft Visual Studio Solution File, Format Version 12.00
# Visual Studio 15
VisualStudioVersion = 15.0.28307.136
MinimumVisualStudioVersion = 10.0.40219.1
Project("{FAE04EC0-301F-11D3-BF4B-00C04F79EFBC}") = "SqlImportExport", "SqlImportExport\SqlImportExport.csproj", "{C543A407-117D-43D5-83D0-9E68F268D04F}"
EndProject
Project("{FAE04EC0-301F-11D3-BF4B-00C04F79EFBC}") = "DatabaseTool", "DatabaseTool\DatabaseTool.csproj", "{8182EC99-6434-4895-9007-64C793BC9CCD}"
EndProject
Global
	GlobalSection(SolutionConfigurationPlatforms) = preSolution
		Debug|Any CPU = Debug|Any CPU
		Release|Any CPU = Release|Any CPU
	EndGlobalSection
	GlobalSection(ProjectConfigurationPlatforms) = postSolution
		{C543A407-117D-43D5-83D0-9E68F268D04F}.Debug|Any CPU.ActiveCfg = Debug|Any CPU
		{C543A407-117D-43D5-83D0-9E68F268D04F}.Debug|Any CPU.Build.0 = Debug|Any CPU
		{C543A407-117D-43D5-83D0-9E68F268D04F}.Release|Any CPU.ActiveCfg = Release|Any CPU
		{C543A407-117D-43D5-83D0-9E68F268D04F}.Release|Any CPU.Build.0 = Release|Any CPU
		{8182EC99-6434-4895-9007-64C793BC9CCD}.Debug|Any CPU.ActiveCfg = Debug|Any CPU
		{8182EC99-6434-4895-9007-64C793BC9CCD}.Debug|Any CPU.Build.0 = Debug|Any CPU
		{8182EC99-6434-4895-9007-64C793BC9CCD}.Release|Any CPU.ActiveCfg = Release|Any CPU
		{8182EC99-6434-4895-9007-64C793BC9CCD}.Release|Any CPU.Build.0 = Release|Any CPU
	EndGlobalSection
	GlobalSection(SolutionProperties) = preSolution
		HideSolutionNode = FALSE
	EndGlobalSection
	GlobalSection(ExtensibilityGlobals) = postSolution
		SolutionGuid = {A598CAC0-6BE0-4837-A4B0-CFBF21FEA992}
	EndGlobalSection
EndGlobal
